// !$*UTF8*$!
{
	archiveVersion = 1;
	classes = {
	};
	objectVersion = 50;
	objects = {

/* Begin PBXBuildFile section */
		43D89F6321CC169B00EF8287 /* AppDelegate.swift in Sources */ = {isa = PBXBuildFile; fileRef = 43D89F6221CC169B00EF8287 /* AppDelegate.swift */; };
		43D89F6521CC169B00EF8287 /* LocationViewController.swift in Sources */ = {isa = PBXBuildFile; fileRef = 43D89F6421CC169B00EF8287 /* LocationViewController.swift */; };
		43D89F6821CC169C00EF8287 /* Main.storyboard in Resources */ = {isa = PBXBuildFile; fileRef = 43D89F6621CC169C00EF8287 /* Main.storyboard */; };
		43D89F6A21CC169D00EF8287 /* Assets.xcassets in Resources */ = {isa = PBXBuildFile; fileRef = 43D89F6921CC169D00EF8287 /* Assets.xcassets */; };
		43D89F6D21CC169D00EF8287 /* LaunchScreen.storyboard in Resources */ = {isa = PBXBuildFile; fileRef = 43D89F6B21CC169D00EF8287 /* LaunchScreen.storyboard */; };
		43D89F8321CC169E00EF8287 /* WeatherUITests.swift in Sources */ = {isa = PBXBuildFile; fileRef = 43D89F8221CC169E00EF8287 /* WeatherUITests.swift */; };
		43D89FA121CC197E00EF8287 /* SnapshotTesting.framework in Frameworks */ = {isa = PBXBuildFile; fileRef = 43D89FA021CC197E00EF8287 /* SnapshotTesting.framework */; };
		43D89FA321CC199700EF8287 /* SnapshotTesting.framework in CopyFiles */ = {isa = PBXBuildFile; fileRef = 43D89FA021CC197E00EF8287 /* SnapshotTesting.framework */; settings = {ATTRIBUTES = (CodeSignOnCopy, RemoveHeadersOnCopy, ); }; };
		43D89FA621CC1A2200EF8287 /* WeatherEntity.swift in Sources */ = {isa = PBXBuildFile; fileRef = 43D89FA521CC1A2200EF8287 /* WeatherEntity.swift */; };
		43D89FAA21CC1AC200EF8287 /* WeatherEntity.swift in Sources */ = {isa = PBXBuildFile; fileRef = 43D89FA921CC1AC200EF8287 /* WeatherEntity.swift */; };
		43D89FAD21CC1BA600EF8287 /* LocationCoordinatesEntity.swift in Sources */ = {isa = PBXBuildFile; fileRef = 43D89FAC21CC1BA600EF8287 /* LocationCoordinatesEntity.swift */; };
		43D89FB021CC1BD800EF8287 /* LocationCoordinatesEntity.swift in Sources */ = {isa = PBXBuildFile; fileRef = 43D89FAF21CC1BD800EF8287 /* LocationCoordinatesEntity.swift */; };
		43D89FB321CC1C4400EF8287 /* NetworkService.swift in Sources */ = {isa = PBXBuildFile; fileRef = 43D89FB221CC1C4400EF8287 /* NetworkService.swift */; };
		43D89FB521CC1C7700EF8287 /* NetworkServiceResponse.swift in Sources */ = {isa = PBXBuildFile; fileRef = 43D89FB421CC1C7700EF8287 /* NetworkServiceResponse.swift */; };
		43D89FB721CC1C8700EF8287 /* NetworkServiceError.swift in Sources */ = {isa = PBXBuildFile; fileRef = 43D89FB621CC1C8700EF8287 /* NetworkServiceError.swift */; };
		43D89FBA21CC1CB900EF8287 /* WeatherServiceResult.swift in Sources */ = {isa = PBXBuildFile; fileRef = 43D89FB921CC1CB900EF8287 /* WeatherServiceResult.swift */; };
		43D89FBC21CC1CE700EF8287 /* WeatherService.swift in Sources */ = {isa = PBXBuildFile; fileRef = 43D89FBB21CC1CE700EF8287 /* WeatherService.swift */; };
		43D89FC221CC1E0F00EF8287 /* NavigationController.swift in Sources */ = {isa = PBXBuildFile; fileRef = 43D89FC121CC1E0F00EF8287 /* NavigationController.swift */; };
		43D89FC621CC1E3900EF8287 /* WeatherViewController.swift in Sources */ = {isa = PBXBuildFile; fileRef = 43D89FC521CC1E3900EF8287 /* WeatherViewController.swift */; };
		43D89FC921CC211C00EF8287 /* LocationPresentationModel.swift in Sources */ = {isa = PBXBuildFile; fileRef = 43D89FC821CC211C00EF8287 /* LocationPresentationModel.swift */; };
		43D89FCB21CC215300EF8287 /* LocationErrorPresentationModel.swift in Sources */ = {isa = PBXBuildFile; fileRef = 43D89FCA21CC215300EF8287 /* LocationErrorPresentationModel.swift */; };
		43D89FCE21CC219500EF8287 /* LocationPresentationModelFactory.swift in Sources */ = {isa = PBXBuildFile; fileRef = 43D89FCD21CC219500EF8287 /* LocationPresentationModelFactory.swift */; };
		43D89FD321CC22B000EF8287 /* LocationPresentationModelFactoryTestCase.swift in Sources */ = {isa = PBXBuildFile; fileRef = 43D89FD221CC22B000EF8287 /* LocationPresentationModelFactoryTestCase.swift */; };
		43D89FD921CC258400EF8287 /* LocationCoordinatorTestCase.swift in Sources */ = {isa = PBXBuildFile; fileRef = 43D89FD821CC258400EF8287 /* LocationCoordinatorTestCase.swift */; };
		43D89FDB21CC259E00EF8287 /* LocationCoordinator.swift in Sources */ = {isa = PBXBuildFile; fileRef = 43D89FDA21CC259E00EF8287 /* LocationCoordinator.swift */; };
		43D89FDF21CC262A00EF8287 /* WeatherServiceMock.swift in Sources */ = {isa = PBXBuildFile; fileRef = 43D89FDE21CC262A00EF8287 /* WeatherServiceMock.swift */; };
		43D89FE221CC282F00EF8287 /* LocationPresenter.swift in Sources */ = {isa = PBXBuildFile; fileRef = 43D89FE121CC282F00EF8287 /* LocationPresenter.swift */; };
		43D89FE521CC28B000EF8287 /* LocationPresenterTestCase.swift in Sources */ = {isa = PBXBuildFile; fileRef = 43D89FE421CC28B000EF8287 /* LocationPresenterTestCase.swift */; };
		43D89FE821CC290900EF8287 /* LocationViewMock.swift in Sources */ = {isa = PBXBuildFile; fileRef = 43D89FE721CC290900EF8287 /* LocationViewMock.swift */; };
		43D89FEB21CC2A8600EF8287 /* LocationPresentationModel.swift in Sources */ = {isa = PBXBuildFile; fileRef = 43D89FEA21CC2A8600EF8287 /* LocationPresentationModel.swift */; };
		43D89FED21CC30E400EF8287 /* LocationViewControllerTestCase.swift in Sources */ = {isa = PBXBuildFile; fileRef = 43D89FEC21CC30E400EF8287 /* LocationViewControllerTestCase.swift */; };
		43D89FF021CC330000EF8287 /* WeatherPresentationModel.swift in Sources */ = {isa = PBXBuildFile; fileRef = 43D89FEF21CC330000EF8287 /* WeatherPresentationModel.swift */; };
		43D89FF221CC332000EF8287 /* WeatherContentPresentationModel.swift in Sources */ = {isa = PBXBuildFile; fileRef = 43D89FF121CC332000EF8287 /* WeatherContentPresentationModel.swift */; };
		43D89FF421CC334900EF8287 /* WeatherErrorPresentationModel.swift in Sources */ = {isa = PBXBuildFile; fileRef = 43D89FF321CC334900EF8287 /* WeatherErrorPresentationModel.swift */; };
		43D89FF721CC338200EF8287 /* WeatherPresentationModelFactory.swift in Sources */ = {isa = PBXBuildFile; fileRef = 43D89FF621CC338200EF8287 /* WeatherPresentationModelFactory.swift */; };
		43D89FFB21CC33C100EF8287 /* WeatherPresentationModelFactoryTestCase.swift in Sources */ = {isa = PBXBuildFile; fileRef = 43D89FFA21CC33C100EF8287 /* WeatherPresentationModelFactoryTestCase.swift */; };
		43D89FFE21CC348000EF8287 /* WeatherPresenter.swift in Sources */ = {isa = PBXBuildFile; fileRef = 43D89FFD21CC348000EF8287 /* WeatherPresenter.swift */; };
		43D8A00121CC34EE00EF8287 /* WeatherPresenterTestCase.swift in Sources */ = {isa = PBXBuildFile; fileRef = 43D8A00021CC34EE00EF8287 /* WeatherPresenterTestCase.swift */; };
		43D8A00421CC36D000EF8287 /* WeatherViewMock.swift in Sources */ = {isa = PBXBuildFile; fileRef = 43D8A00321CC36D000EF8287 /* WeatherViewMock.swift */; };
		43D8A00621CC38C500EF8287 /* WeatherContentView.swift in Sources */ = {isa = PBXBuildFile; fileRef = 43D8A00521CC38C500EF8287 /* WeatherContentView.swift */; };
		43D8A00821CC398B00EF8287 /* WeatherViewControllerTestCase.swift in Sources */ = {isa = PBXBuildFile; fileRef = 43D8A00721CC398B00EF8287 /* WeatherViewControllerTestCase.swift */; };
/* End PBXBuildFile section */

/* Begin PBXContainerItemProxy section */
		43D89F7421CC169D00EF8287 /* PBXContainerItemProxy */ = {
			isa = PBXContainerItemProxy;
			containerPortal = 43D89F5721CC169B00EF8287 /* Project object */;
			proxyType = 1;
			remoteGlobalIDString = 43D89F5E21CC169B00EF8287;
			remoteInfo = Weather;
		};
		43D89F7F21CC169E00EF8287 /* PBXContainerItemProxy */ = {
			isa = PBXContainerItemProxy;
			containerPortal = 43D89F5721CC169B00EF8287 /* Project object */;
			proxyType = 1;
			remoteGlobalIDString = 43D89F5E21CC169B00EF8287;
			remoteInfo = Weather;
		};
/* End PBXContainerItemProxy section */

/* Begin PBXCopyFilesBuildPhase section */
		43D89FA221CC198D00EF8287 /* CopyFiles */ = {
			isa = PBXCopyFilesBuildPhase;
			buildActionMask = 2147483647;
			dstPath = "";
			dstSubfolderSpec = 10;
			files = (
				43D89FA321CC199700EF8287 /* SnapshotTesting.framework in CopyFiles */,
			);
			runOnlyForDeploymentPostprocessing = 0;
		};
/* End PBXCopyFilesBuildPhase section */

/* Begin PBXFileReference section */
		43D89F5F21CC169B00EF8287 /* Weather.app */ = {isa = PBXFileReference; explicitFileType = wrapper.application; includeInIndex = 0; path = Weather.app; sourceTree = BUILT_PRODUCTS_DIR; };
		43D89F6221CC169B00EF8287 /* AppDelegate.swift */ = {isa = PBXFileReference; lastKnownFileType = sourcecode.swift; path = AppDelegate.swift; sourceTree = "<group>"; };
		43D89F6421CC169B00EF8287 /* LocationViewController.swift */ = {isa = PBXFileReference; lastKnownFileType = sourcecode.swift; path = LocationViewController.swift; sourceTree = "<group>"; };
		43D89F6721CC169C00EF8287 /* Base */ = {isa = PBXFileReference; lastKnownFileType = file.storyboard; name = Base; path = Base.lproj/Main.storyboard; sourceTree = "<group>"; };
		43D89F6921CC169D00EF8287 /* Assets.xcassets */ = {isa = PBXFileReference; lastKnownFileType = folder.assetcatalog; path = Assets.xcassets; sourceTree = "<group>"; };
		43D89F6C21CC169D00EF8287 /* Base */ = {isa = PBXFileReference; lastKnownFileType = file.storyboard; name = Base; path = Base.lproj/LaunchScreen.storyboard; sourceTree = "<group>"; };
		43D89F6E21CC169D00EF8287 /* Info.plist */ = {isa = PBXFileReference; lastKnownFileType = text.plist.xml; path = Info.plist; sourceTree = "<group>"; };
		43D89F7321CC169D00EF8287 /* WeatherTests.xctest */ = {isa = PBXFileReference; explicitFileType = wrapper.cfbundle; includeInIndex = 0; path = WeatherTests.xctest; sourceTree = BUILT_PRODUCTS_DIR; };
		43D89F7921CC169D00EF8287 /* Info.plist */ = {isa = PBXFileReference; lastKnownFileType = text.plist.xml; path = Info.plist; sourceTree = "<group>"; };
		43D89F7E21CC169D00EF8287 /* WeatherUITests.xctest */ = {isa = PBXFileReference; explicitFileType = wrapper.cfbundle; includeInIndex = 0; path = WeatherUITests.xctest; sourceTree = BUILT_PRODUCTS_DIR; };
		43D89F8221CC169E00EF8287 /* WeatherUITests.swift */ = {isa = PBXFileReference; lastKnownFileType = sourcecode.swift; path = WeatherUITests.swift; sourceTree = "<group>"; };
		43D89F8421CC169E00EF8287 /* Info.plist */ = {isa = PBXFileReference; lastKnownFileType = text.plist.xml; path = Info.plist; sourceTree = "<group>"; };
		43D89FA021CC197E00EF8287 /* SnapshotTesting.framework */ = {isa = PBXFileReference; lastKnownFileType = wrapper.framework; name = SnapshotTesting.framework; path = Carthage/Build/iOS/SnapshotTesting.framework; sourceTree = "<group>"; };
		43D89FA521CC1A2200EF8287 /* WeatherEntity.swift */ = {isa = PBXFileReference; lastKnownFileType = sourcecode.swift; path = WeatherEntity.swift; sourceTree = "<group>"; };
		43D89FA921CC1AC200EF8287 /* WeatherEntity.swift */ = {isa = PBXFileReference; lastKnownFileType = sourcecode.swift; path = WeatherEntity.swift; sourceTree = "<group>"; };
		43D89FAC21CC1BA600EF8287 /* LocationCoordinatesEntity.swift */ = {isa = PBXFileReference; lastKnownFileType = sourcecode.swift; path = LocationCoordinatesEntity.swift; sourceTree = "<group>"; };
		43D89FAF21CC1BD800EF8287 /* LocationCoordinatesEntity.swift */ = {isa = PBXFileReference; lastKnownFileType = sourcecode.swift; path = LocationCoordinatesEntity.swift; sourceTree = "<group>"; };
		43D89FB221CC1C4400EF8287 /* NetworkService.swift */ = {isa = PBXFileReference; lastKnownFileType = sourcecode.swift; path = NetworkService.swift; sourceTree = "<group>"; };
		43D89FB421CC1C7700EF8287 /* NetworkServiceResponse.swift */ = {isa = PBXFileReference; lastKnownFileType = sourcecode.swift; path = NetworkServiceResponse.swift; sourceTree = "<group>"; };
		43D89FB621CC1C8700EF8287 /* NetworkServiceError.swift */ = {isa = PBXFileReference; lastKnownFileType = sourcecode.swift; path = NetworkServiceError.swift; sourceTree = "<group>"; };
		43D89FB921CC1CB900EF8287 /* WeatherServiceResult.swift */ = {isa = PBXFileReference; lastKnownFileType = sourcecode.swift; path = WeatherServiceResult.swift; sourceTree = "<group>"; };
		43D89FBB21CC1CE700EF8287 /* WeatherService.swift */ = {isa = PBXFileReference; lastKnownFileType = sourcecode.swift; path = WeatherService.swift; sourceTree = "<group>"; };
		43D89FC121CC1E0F00EF8287 /* NavigationController.swift */ = {isa = PBXFileReference; lastKnownFileType = sourcecode.swift; path = NavigationController.swift; sourceTree = "<group>"; };
		43D89FC521CC1E3900EF8287 /* WeatherViewController.swift */ = {isa = PBXFileReference; lastKnownFileType = sourcecode.swift; path = WeatherViewController.swift; sourceTree = "<group>"; };
		43D89FC821CC211C00EF8287 /* LocationPresentationModel.swift */ = {isa = PBXFileReference; lastKnownFileType = sourcecode.swift; path = LocationPresentationModel.swift; sourceTree = "<group>"; };
		43D89FCA21CC215300EF8287 /* LocationErrorPresentationModel.swift */ = {isa = PBXFileReference; lastKnownFileType = sourcecode.swift; path = LocationErrorPresentationModel.swift; sourceTree = "<group>"; };
		43D89FCD21CC219500EF8287 /* LocationPresentationModelFactory.swift */ = {isa = PBXFileReference; lastKnownFileType = sourcecode.swift; path = LocationPresentationModelFactory.swift; sourceTree = "<group>"; };
		43D89FD221CC22B000EF8287 /* LocationPresentationModelFactoryTestCase.swift */ = {isa = PBXFileReference; lastKnownFileType = sourcecode.swift; path = LocationPresentationModelFactoryTestCase.swift; sourceTree = "<group>"; };
		43D89FD821CC258400EF8287 /* LocationCoordinatorTestCase.swift */ = {isa = PBXFileReference; lastKnownFileType = sourcecode.swift; path = LocationCoordinatorTestCase.swift; sourceTree = "<group>"; };
		43D89FDA21CC259E00EF8287 /* LocationCoordinator.swift */ = {isa = PBXFileReference; lastKnownFileType = sourcecode.swift; path = LocationCoordinator.swift; sourceTree = "<group>"; };
		43D89FDE21CC262A00EF8287 /* WeatherServiceMock.swift */ = {isa = PBXFileReference; lastKnownFileType = sourcecode.swift; path = WeatherServiceMock.swift; sourceTree = "<group>"; };
		43D89FE121CC282F00EF8287 /* LocationPresenter.swift */ = {isa = PBXFileReference; lastKnownFileType = sourcecode.swift; path = LocationPresenter.swift; sourceTree = "<group>"; };
		43D89FE421CC28B000EF8287 /* LocationPresenterTestCase.swift */ = {isa = PBXFileReference; lastKnownFileType = sourcecode.swift; path = LocationPresenterTestCase.swift; sourceTree = "<group>"; };
		43D89FE721CC290900EF8287 /* LocationViewMock.swift */ = {isa = PBXFileReference; lastKnownFileType = sourcecode.swift; path = LocationViewMock.swift; sourceTree = "<group>"; };
		43D89FEA21CC2A8600EF8287 /* LocationPresentationModel.swift */ = {isa = PBXFileReference; lastKnownFileType = sourcecode.swift; path = LocationPresentationModel.swift; sourceTree = "<group>"; };
		43D89FEC21CC30E400EF8287 /* LocationViewControllerTestCase.swift */ = {isa = PBXFileReference; lastKnownFileType = sourcecode.swift; path = LocationViewControllerTestCase.swift; sourceTree = "<group>"; };
		43D89FEF21CC330000EF8287 /* WeatherPresentationModel.swift */ = {isa = PBXFileReference; lastKnownFileType = sourcecode.swift; path = WeatherPresentationModel.swift; sourceTree = "<group>"; };
		43D89FF121CC332000EF8287 /* WeatherContentPresentationModel.swift */ = {isa = PBXFileReference; lastKnownFileType = sourcecode.swift; path = WeatherContentPresentationModel.swift; sourceTree = "<group>"; };
		43D89FF321CC334900EF8287 /* WeatherErrorPresentationModel.swift */ = {isa = PBXFileReference; lastKnownFileType = sourcecode.swift; path = WeatherErrorPresentationModel.swift; sourceTree = "<group>"; };
		43D89FF621CC338200EF8287 /* WeatherPresentationModelFactory.swift */ = {isa = PBXFileReference; lastKnownFileType = sourcecode.swift; path = WeatherPresentationModelFactory.swift; sourceTree = "<group>"; };
		43D89FFA21CC33C100EF8287 /* WeatherPresentationModelFactoryTestCase.swift */ = {isa = PBXFileReference; lastKnownFileType = sourcecode.swift; path = WeatherPresentationModelFactoryTestCase.swift; sourceTree = "<group>"; };
		43D89FFD21CC348000EF8287 /* WeatherPresenter.swift */ = {isa = PBXFileReference; lastKnownFileType = sourcecode.swift; path = WeatherPresenter.swift; sourceTree = "<group>"; };
		43D8A00021CC34EE00EF8287 /* WeatherPresenterTestCase.swift */ = {isa = PBXFileReference; lastKnownFileType = sourcecode.swift; path = WeatherPresenterTestCase.swift; sourceTree = "<group>"; };
		43D8A00321CC36D000EF8287 /* WeatherViewMock.swift */ = {isa = PBXFileReference; lastKnownFileType = sourcecode.swift; path = WeatherViewMock.swift; sourceTree = "<group>"; };
		43D8A00521CC38C500EF8287 /* WeatherContentView.swift */ = {isa = PBXFileReference; lastKnownFileType = sourcecode.swift; path = WeatherContentView.swift; sourceTree = "<group>"; };
		43D8A00721CC398B00EF8287 /* WeatherViewControllerTestCase.swift */ = {isa = PBXFileReference; lastKnownFileType = sourcecode.swift; path = WeatherViewControllerTestCase.swift; sourceTree = "<group>"; };
/* End PBXFileReference section */

/* Begin PBXFrameworksBuildPhase section */
		43D89F5C21CC169B00EF8287 /* Frameworks */ = {
			isa = PBXFrameworksBuildPhase;
			buildActionMask = 2147483647;
			files = (
			);
			runOnlyForDeploymentPostprocessing = 0;
		};
		43D89F7021CC169D00EF8287 /* Frameworks */ = {
			isa = PBXFrameworksBuildPhase;
			buildActionMask = 2147483647;
			files = (
				43D89FA121CC197E00EF8287 /* SnapshotTesting.framework in Frameworks */,
			);
			runOnlyForDeploymentPostprocessing = 0;
		};
		43D89F7B21CC169D00EF8287 /* Frameworks */ = {
			isa = PBXFrameworksBuildPhase;
			buildActionMask = 2147483647;
			files = (
			);
			runOnlyForDeploymentPostprocessing = 0;
		};
/* End PBXFrameworksBuildPhase section */

/* Begin PBXGroup section */
		43D89F5621CC169B00EF8287 = {
			isa = PBXGroup;
			children = (
				43D89F6121CC169B00EF8287 /* Weather */,
				43D89F7621CC169D00EF8287 /* WeatherTests */,
				43D89F8121CC169E00EF8287 /* WeatherUITests */,
				43D89F6021CC169B00EF8287 /* Products */,
				43D89F9F21CC197E00EF8287 /* Frameworks */,
			);
			sourceTree = "<group>";
		};
		43D89F6021CC169B00EF8287 /* Products */ = {
			isa = PBXGroup;
			children = (
				43D89F5F21CC169B00EF8287 /* Weather.app */,
				43D89F7321CC169D00EF8287 /* WeatherTests.xctest */,
				43D89F7E21CC169D00EF8287 /* WeatherUITests.xctest */,
			);
			name = Products;
			sourceTree = "<group>";
		};
		43D89F6121CC169B00EF8287 /* Weather */ = {
			isa = PBXGroup;
			children = (
				43D89F9621CC16F100EF8287 /* Application */,
				43D89F9521CC16EC00EF8287 /* Entities */,
				43D89F9421CC16E000EF8287 /* GUI */,
				43D89F9321CC16DB00EF8287 /* Services */,
				43D89F9021CC16B700EF8287 /* Resources */,
			);
			path = Weather;
			sourceTree = "<group>";
		};
		43D89F7621CC169D00EF8287 /* WeatherTests */ = {
			isa = PBXGroup;
			children = (
				43D89FDC21CC261700EF8287 /* Services */,
				43D89FA721CC1AB300EF8287 /* Entities */,
				43D89F9E21CC175E00EF8287 /* Tests */,
				43D89F9B21CC174A00EF8287 /* Resources */,
			);
			path = WeatherTests;
			sourceTree = "<group>";
		};
		43D89F8121CC169E00EF8287 /* WeatherUITests */ = {
			isa = PBXGroup;
			children = (
				43D89F9A21CC173E00EF8287 /* Tests */,
				43D89F9821CC172B00EF8287 /* Resources */,
			);
			path = WeatherUITests;
			sourceTree = "<group>";
		};
		43D89F9021CC16B700EF8287 /* Resources */ = {
			isa = PBXGroup;
			children = (
				43D89F9221CC16CB00EF8287 /* Info */,
				43D89F9121CC16C300EF8287 /* Images */,
			);
			path = Resources;
			sourceTree = "<group>";
		};
		43D89F9121CC16C300EF8287 /* Images */ = {
			isa = PBXGroup;
			children = (
				43D89F6921CC169D00EF8287 /* Assets.xcassets */,
			);
			path = Images;
			sourceTree = "<group>";
		};
		43D89F9221CC16CB00EF8287 /* Info */ = {
			isa = PBXGroup;
			children = (
				43D89F6E21CC169D00EF8287 /* Info.plist */,
			);
			path = Info;
			sourceTree = "<group>";
		};
		43D89F9321CC16DB00EF8287 /* Services */ = {
			isa = PBXGroup;
			children = (
				43D89FB821CC1CAD00EF8287 /* Weather */,
				43D89FB121CC1C3B00EF8287 /* Network */,
			);
			path = Services;
			sourceTree = "<group>";
		};
		43D89F9421CC16E000EF8287 /* GUI */ = {
			isa = PBXGroup;
			children = (
				43D89FBF21CC1DFD00EF8287 /* NavigationController */,
				43D89FBD21CC1DC200EF8287 /* Location */,
				43D89FC321CC1E2500EF8287 /* Weather */,
				43D89F9721CC16FD00EF8287 /* Storyboards */,
			);
			path = GUI;
			sourceTree = "<group>";
		};
		43D89F9521CC16EC00EF8287 /* Entities */ = {
			isa = PBXGroup;
			children = (
				43D89FAB21CC1B9D00EF8287 /* Location */,
				43D89FA421CC1A1A00EF8287 /* Weather */,
			);
			path = Entities;
			sourceTree = "<group>";
		};
		43D89F9621CC16F100EF8287 /* Application */ = {
			isa = PBXGroup;
			children = (
				43D89F6221CC169B00EF8287 /* AppDelegate.swift */,
			);
			path = Application;
			sourceTree = "<group>";
		};
		43D89F9721CC16FD00EF8287 /* Storyboards */ = {
			isa = PBXGroup;
			children = (
				43D89F6621CC169C00EF8287 /* Main.storyboard */,
				43D89F6B21CC169D00EF8287 /* LaunchScreen.storyboard */,
			);
			path = Storyboards;
			sourceTree = "<group>";
		};
		43D89F9821CC172B00EF8287 /* Resources */ = {
			isa = PBXGroup;
			children = (
				43D89F9921CC173400EF8287 /* Info */,
			);
			path = Resources;
			sourceTree = "<group>";
		};
		43D89F9921CC173400EF8287 /* Info */ = {
			isa = PBXGroup;
			children = (
				43D89F8421CC169E00EF8287 /* Info.plist */,
			);
			path = Info;
			sourceTree = "<group>";
		};
		43D89F9A21CC173E00EF8287 /* Tests */ = {
			isa = PBXGroup;
			children = (
				43D89F8221CC169E00EF8287 /* WeatherUITests.swift */,
			);
			path = Tests;
			sourceTree = "<group>";
		};
		43D89F9B21CC174A00EF8287 /* Resources */ = {
			isa = PBXGroup;
			children = (
				43D89F9C21CC175000EF8287 /* Info */,
			);
			path = Resources;
			sourceTree = "<group>";
		};
		43D89F9C21CC175000EF8287 /* Info */ = {
			isa = PBXGroup;
			children = (
				43D89F7921CC169D00EF8287 /* Info.plist */,
			);
			path = Info;
			sourceTree = "<group>";
		};
		43D89F9E21CC175E00EF8287 /* Tests */ = {
			isa = PBXGroup;
			children = (
				43D89FCF21CC229400EF8287 /* GUI */,
			);
			path = Tests;
			sourceTree = "<group>";
		};
		43D89F9F21CC197E00EF8287 /* Frameworks */ = {
			isa = PBXGroup;
			children = (
				43D89FA021CC197E00EF8287 /* SnapshotTesting.framework */,
			);
			name = Frameworks;
			sourceTree = "<group>";
		};
		43D89FA421CC1A1A00EF8287 /* Weather */ = {
			isa = PBXGroup;
			children = (
				43D89FA521CC1A2200EF8287 /* WeatherEntity.swift */,
			);
			path = Weather;
			sourceTree = "<group>";
		};
		43D89FA721CC1AB300EF8287 /* Entities */ = {
			isa = PBXGroup;
			children = (
				43D89FAE21CC1BCE00EF8287 /* Location */,
				43D89FA821CC1AB900EF8287 /* Weather */,
			);
			path = Entities;
			sourceTree = "<group>";
		};
		43D89FA821CC1AB900EF8287 /* Weather */ = {
			isa = PBXGroup;
			children = (
				43D89FA921CC1AC200EF8287 /* WeatherEntity.swift */,
			);
			path = Weather;
			sourceTree = "<group>";
		};
		43D89FAB21CC1B9D00EF8287 /* Location */ = {
			isa = PBXGroup;
			children = (
				43D89FAC21CC1BA600EF8287 /* LocationCoordinatesEntity.swift */,
			);
			path = Location;
			sourceTree = "<group>";
		};
		43D89FAE21CC1BCE00EF8287 /* Location */ = {
			isa = PBXGroup;
			children = (
				43D89FAF21CC1BD800EF8287 /* LocationCoordinatesEntity.swift */,
			);
			path = Location;
			sourceTree = "<group>";
		};
		43D89FB121CC1C3B00EF8287 /* Network */ = {
			isa = PBXGroup;
			children = (
				43D89FB221CC1C4400EF8287 /* NetworkService.swift */,
				43D89FB421CC1C7700EF8287 /* NetworkServiceResponse.swift */,
				43D89FB621CC1C8700EF8287 /* NetworkServiceError.swift */,
			);
			path = Network;
			sourceTree = "<group>";
		};
		43D89FB821CC1CAD00EF8287 /* Weather */ = {
			isa = PBXGroup;
			children = (
				43D89FB921CC1CB900EF8287 /* WeatherServiceResult.swift */,
				43D89FBB21CC1CE700EF8287 /* WeatherService.swift */,
			);
			path = Weather;
			sourceTree = "<group>";
		};
		43D89FBD21CC1DC200EF8287 /* Location */ = {
			isa = PBXGroup;
			children = (
				43D89FD421CC254300EF8287 /* Coordinator */,
				43D89FCC21CC218C00EF8287 /* Factory */,
				43D89FC721CC211000EF8287 /* Models */,
				43D89FE021CC282700EF8287 /* Presenter */,
				43D89FBE21CC1DCA00EF8287 /* Views */,
			);
			path = Location;
			sourceTree = "<group>";
		};
		43D89FBE21CC1DCA00EF8287 /* Views */ = {
			isa = PBXGroup;
			children = (
				43D89F6421CC169B00EF8287 /* LocationViewController.swift */,
			);
			path = Views;
			sourceTree = "<group>";
		};
		43D89FBF21CC1DFD00EF8287 /* NavigationController */ = {
			isa = PBXGroup;
			children = (
				43D89FC021CC1E0300EF8287 /* Views */,
			);
			path = NavigationController;
			sourceTree = "<group>";
		};
		43D89FC021CC1E0300EF8287 /* Views */ = {
			isa = PBXGroup;
			children = (
				43D89FC121CC1E0F00EF8287 /* NavigationController.swift */,
			);
			path = Views;
			sourceTree = "<group>";
		};
		43D89FC321CC1E2500EF8287 /* Weather */ = {
			isa = PBXGroup;
			children = (
				43D89FFC21CC346F00EF8287 /* Presenter */,
				43D89FF521CC337A00EF8287 /* Factory */,
				43D89FEE21CC32F500EF8287 /* Models */,
				43D89FC421CC1E2C00EF8287 /* Views */,
			);
			path = Weather;
			sourceTree = "<group>";
		};
		43D89FC421CC1E2C00EF8287 /* Views */ = {
			isa = PBXGroup;
			children = (
				43D89FC521CC1E3900EF8287 /* WeatherViewController.swift */,
				43D8A00521CC38C500EF8287 /* WeatherContentView.swift */,
			);
			path = Views;
			sourceTree = "<group>";
		};
		43D89FC721CC211000EF8287 /* Models */ = {
			isa = PBXGroup;
			children = (
				43D89FC821CC211C00EF8287 /* LocationPresentationModel.swift */,
				43D89FCA21CC215300EF8287 /* LocationErrorPresentationModel.swift */,
			);
			path = Models;
			sourceTree = "<group>";
		};
		43D89FCC21CC218C00EF8287 /* Factory */ = {
			isa = PBXGroup;
			children = (
				43D89FCD21CC219500EF8287 /* LocationPresentationModelFactory.swift */,
			);
			path = Factory;
			sourceTree = "<group>";
		};
		43D89FCF21CC229400EF8287 /* GUI */ = {
			isa = PBXGroup;
			children = (
				43D89FF821CC33AE00EF8287 /* Weather */,
				43D89FD021CC229900EF8287 /* Location */,
			);
			path = GUI;
			sourceTree = "<group>";
		};
		43D89FD021CC229900EF8287 /* Location */ = {
			isa = PBXGroup;
			children = (
				43D89FE921CC2A7D00EF8287 /* Model */,
				43D89FE621CC28F900EF8287 /* Views */,
				43D89FE321CC289900EF8287 /* Presenter */,
				43D89FD721CC257700EF8287 /* Coordinator */,
				43D89FD121CC22A300EF8287 /* Factory */,
			);
			path = Location;
			sourceTree = "<group>";
		};
		43D89FD121CC22A300EF8287 /* Factory */ = {
			isa = PBXGroup;
			children = (
				43D89FD221CC22B000EF8287 /* LocationPresentationModelFactoryTestCase.swift */,
			);
			path = Factory;
			sourceTree = "<group>";
		};
		43D89FD421CC254300EF8287 /* Coordinator */ = {
			isa = PBXGroup;
			children = (
				43D89FDA21CC259E00EF8287 /* LocationCoordinator.swift */,
			);
			path = Coordinator;
			sourceTree = "<group>";
		};
		43D89FD721CC257700EF8287 /* Coordinator */ = {
			isa = PBXGroup;
			children = (
				43D89FD821CC258400EF8287 /* LocationCoordinatorTestCase.swift */,
			);
			path = Coordinator;
			sourceTree = "<group>";
		};
		43D89FDC21CC261700EF8287 /* Services */ = {
			isa = PBXGroup;
			children = (
				43D89FDD21CC261B00EF8287 /* Weather */,
			);
			path = Services;
			sourceTree = "<group>";
		};
		43D89FDD21CC261B00EF8287 /* Weather */ = {
			isa = PBXGroup;
			children = (
				43D89FDE21CC262A00EF8287 /* WeatherServiceMock.swift */,
			);
			path = Weather;
			sourceTree = "<group>";
		};
		43D89FE021CC282700EF8287 /* Presenter */ = {
			isa = PBXGroup;
			children = (
				43D89FE121CC282F00EF8287 /* LocationPresenter.swift */,
			);
			path = Presenter;
			sourceTree = "<group>";
		};
		43D89FE321CC289900EF8287 /* Presenter */ = {
			isa = PBXGroup;
			children = (
				43D89FE421CC28B000EF8287 /* LocationPresenterTestCase.swift */,
			);
			path = Presenter;
			sourceTree = "<group>";
		};
		43D89FE621CC28F900EF8287 /* Views */ = {
			isa = PBXGroup;
			children = (
				43D89FE721CC290900EF8287 /* LocationViewMock.swift */,
				43D89FEC21CC30E400EF8287 /* LocationViewControllerTestCase.swift */,
			);
			path = Views;
			sourceTree = "<group>";
		};
		43D89FE921CC2A7D00EF8287 /* Model */ = {
			isa = PBXGroup;
			children = (
				43D89FEA21CC2A8600EF8287 /* LocationPresentationModel.swift */,
			);
			path = Model;
			sourceTree = "<group>";
		};
		43D89FEE21CC32F500EF8287 /* Models */ = {
			isa = PBXGroup;
			children = (
				43D89FEF21CC330000EF8287 /* WeatherPresentationModel.swift */,
				43D89FF121CC332000EF8287 /* WeatherContentPresentationModel.swift */,
				43D89FF321CC334900EF8287 /* WeatherErrorPresentationModel.swift */,
			);
			path = Models;
			sourceTree = "<group>";
		};
		43D89FF521CC337A00EF8287 /* Factory */ = {
			isa = PBXGroup;
			children = (
				43D89FF621CC338200EF8287 /* WeatherPresentationModelFactory.swift */,
			);
			path = Factory;
			sourceTree = "<group>";
		};
		43D89FF821CC33AE00EF8287 /* Weather */ = {
			isa = PBXGroup;
			children = (
				43D8A00221CC36C400EF8287 /* Views */,
				43D89FFF21CC34E000EF8287 /* Presenter */,
				43D89FF921CC33B500EF8287 /* Factory */,
			);
			path = Weather;
			sourceTree = "<group>";
		};
		43D89FF921CC33B500EF8287 /* Factory */ = {
			isa = PBXGroup;
			children = (
				43D89FFA21CC33C100EF8287 /* WeatherPresentationModelFactoryTestCase.swift */,
			);
			path = Factory;
			sourceTree = "<group>";
		};
		43D89FFC21CC346F00EF8287 /* Presenter */ = {
			isa = PBXGroup;
			children = (
				43D89FFD21CC348000EF8287 /* WeatherPresenter.swift */,
			);
			path = Presenter;
			sourceTree = "<group>";
		};
		43D89FFF21CC34E000EF8287 /* Presenter */ = {
			isa = PBXGroup;
			children = (
				43D8A00021CC34EE00EF8287 /* WeatherPresenterTestCase.swift */,
			);
			path = Presenter;
			sourceTree = "<group>";
		};
		43D8A00221CC36C400EF8287 /* Views */ = {
			isa = PBXGroup;
			children = (
				43D8A00321CC36D000EF8287 /* WeatherViewMock.swift */,
				43D8A00721CC398B00EF8287 /* WeatherViewControllerTestCase.swift */,
			);
			path = Views;
			sourceTree = "<group>";
		};
/* End PBXGroup section */

/* Begin PBXNativeTarget section */
		43D89F5E21CC169B00EF8287 /* Weather */ = {
			isa = PBXNativeTarget;
			buildConfigurationList = 43D89F8721CC169E00EF8287 /* Build configuration list for PBXNativeTarget "Weather" */;
			buildPhases = (
				43D89F5B21CC169B00EF8287 /* Sources */,
				43D89F5C21CC169B00EF8287 /* Frameworks */,
				43D89F5D21CC169B00EF8287 /* Resources */,
				43D89FA221CC198D00EF8287 /* CopyFiles */,
			);
			buildRules = (
			);
			dependencies = (
			);
			name = Weather;
			productName = Weather;
			productReference = 43D89F5F21CC169B00EF8287 /* Weather.app */;
			productType = "com.apple.product-type.application";
		};
		43D89F7221CC169D00EF8287 /* WeatherTests */ = {
			isa = PBXNativeTarget;
			buildConfigurationList = 43D89F8A21CC169E00EF8287 /* Build configuration list for PBXNativeTarget "WeatherTests" */;
			buildPhases = (
				43D89F6F21CC169D00EF8287 /* Sources */,
				43D89F7021CC169D00EF8287 /* Frameworks */,
				43D89F7121CC169D00EF8287 /* Resources */,
			);
			buildRules = (
			);
			dependencies = (
				43D89F7521CC169D00EF8287 /* PBXTargetDependency */,
			);
			name = WeatherTests;
			productName = WeatherTests;
			productReference = 43D89F7321CC169D00EF8287 /* WeatherTests.xctest */;
			productType = "com.apple.product-type.bundle.unit-test";
		};
		43D89F7D21CC169D00EF8287 /* WeatherUITests */ = {
			isa = PBXNativeTarget;
			buildConfigurationList = 43D89F8D21CC169E00EF8287 /* Build configuration list for PBXNativeTarget "WeatherUITests" */;
			buildPhases = (
				43D89F7A21CC169D00EF8287 /* Sources */,
				43D89F7B21CC169D00EF8287 /* Frameworks */,
				43D89F7C21CC169D00EF8287 /* Resources */,
			);
			buildRules = (
			);
			dependencies = (
				43D89F8021CC169E00EF8287 /* PBXTargetDependency */,
			);
			name = WeatherUITests;
			productName = WeatherUITests;
			productReference = 43D89F7E21CC169D00EF8287 /* WeatherUITests.xctest */;
			productType = "com.apple.product-type.bundle.ui-testing";
		};
/* End PBXNativeTarget section */

/* Begin PBXProject section */
		43D89F5721CC169B00EF8287 /* Project object */ = {
			isa = PBXProject;
			attributes = {
				LastSwiftUpdateCheck = 1010;
				LastUpgradeCheck = 1010;
				ORGANIZATIONNAME = "iGama Apps";
				TargetAttributes = {
					43D89F5E21CC169B00EF8287 = {
						CreatedOnToolsVersion = 10.1;
					};
					43D89F7221CC169D00EF8287 = {
						CreatedOnToolsVersion = 10.1;
						TestTargetID = 43D89F5E21CC169B00EF8287;
					};
					43D89F7D21CC169D00EF8287 = {
						CreatedOnToolsVersion = 10.1;
						TestTargetID = 43D89F5E21CC169B00EF8287;
					};
				};
			};
			buildConfigurationList = 43D89F5A21CC169B00EF8287 /* Build configuration list for PBXProject "Weather" */;
			compatibilityVersion = "Xcode 9.3";
			developmentRegion = en;
			hasScannedForEncodings = 0;
			knownRegions = (
				en,
				Base,
			);
			mainGroup = 43D89F5621CC169B00EF8287;
			productRefGroup = 43D89F6021CC169B00EF8287 /* Products */;
			projectDirPath = "";
			projectRoot = "";
			targets = (
				43D89F5E21CC169B00EF8287 /* Weather */,
				43D89F7221CC169D00EF8287 /* WeatherTests */,
				43D89F7D21CC169D00EF8287 /* WeatherUITests */,
			);
		};
/* End PBXProject section */

/* Begin PBXResourcesBuildPhase section */
		43D89F5D21CC169B00EF8287 /* Resources */ = {
			isa = PBXResourcesBuildPhase;
			buildActionMask = 2147483647;
			files = (
				43D89F6D21CC169D00EF8287 /* LaunchScreen.storyboard in Resources */,
				43D89F6A21CC169D00EF8287 /* Assets.xcassets in Resources */,
				43D89F6821CC169C00EF8287 /* Main.storyboard in Resources */,
			);
			runOnlyForDeploymentPostprocessing = 0;
		};
		43D89F7121CC169D00EF8287 /* Resources */ = {
			isa = PBXResourcesBuildPhase;
			buildActionMask = 2147483647;
			files = (
			);
			runOnlyForDeploymentPostprocessing = 0;
		};
		43D89F7C21CC169D00EF8287 /* Resources */ = {
			isa = PBXResourcesBuildPhase;
			buildActionMask = 2147483647;
			files = (
			);
			runOnlyForDeploymentPostprocessing = 0;
		};
/* End PBXResourcesBuildPhase section */

/* Begin PBXSourcesBuildPhase section */
		43D89F5B21CC169B00EF8287 /* Sources */ = {
			isa = PBXSourcesBuildPhase;
			buildActionMask = 2147483647;
			files = (
				43D89FB721CC1C8700EF8287 /* NetworkServiceError.swift in Sources */,
				43D89FF721CC338200EF8287 /* WeatherPresentationModelFactory.swift in Sources */,
				43D89FF021CC330000EF8287 /* WeatherPresentationModel.swift in Sources */,
				43D89FBC21CC1CE700EF8287 /* WeatherService.swift in Sources */,
				43D89FCB21CC215300EF8287 /* LocationErrorPresentationModel.swift in Sources */,
				43D89FE221CC282F00EF8287 /* LocationPresenter.swift in Sources */,
				43D89FF421CC334900EF8287 /* WeatherErrorPresentationModel.swift in Sources */,
				43D89FB321CC1C4400EF8287 /* NetworkService.swift in Sources */,
				43D89F6521CC169B00EF8287 /* LocationViewController.swift in Sources */,
				43D89FDB21CC259E00EF8287 /* LocationCoordinator.swift in Sources */,
				43D89FCE21CC219500EF8287 /* LocationPresentationModelFactory.swift in Sources */,
				43D89FC921CC211C00EF8287 /* LocationPresentationModel.swift in Sources */,
				43D89FF221CC332000EF8287 /* WeatherContentPresentationModel.swift in Sources */,
				43D89FA621CC1A2200EF8287 /* WeatherEntity.swift in Sources */,
				43D89F6321CC169B00EF8287 /* AppDelegate.swift in Sources */,
				43D89FBA21CC1CB900EF8287 /* WeatherServiceResult.swift in Sources */,
				43D89FFE21CC348000EF8287 /* WeatherPresenter.swift in Sources */,
				43D8A00621CC38C500EF8287 /* WeatherContentView.swift in Sources */,
				43D89FC221CC1E0F00EF8287 /* NavigationController.swift in Sources */,
				43D89FAD21CC1BA600EF8287 /* LocationCoordinatesEntity.swift in Sources */,
				43D89FB521CC1C7700EF8287 /* NetworkServiceResponse.swift in Sources */,
				43D89FC621CC1E3900EF8287 /* WeatherViewController.swift in Sources */,
			);
			runOnlyForDeploymentPostprocessing = 0;
		};
		43D89F6F21CC169D00EF8287 /* Sources */ = {
			isa = PBXSourcesBuildPhase;
			buildActionMask = 2147483647;
			files = (
				43D89FEB21CC2A8600EF8287 /* LocationPresentationModel.swift in Sources */,
				43D89FFB21CC33C100EF8287 /* WeatherPresentationModelFactoryTestCase.swift in Sources */,
				43D89FB021CC1BD800EF8287 /* LocationCoordinatesEntity.swift in Sources */,
				43D8A00421CC36D000EF8287 /* WeatherViewMock.swift in Sources */,
				43D89FED21CC30E400EF8287 /* LocationViewControllerTestCase.swift in Sources */,
				43D8A00821CC398B00EF8287 /* WeatherViewControllerTestCase.swift in Sources */,
				43D89FAA21CC1AC200EF8287 /* WeatherEntity.swift in Sources */,
				43D89FD321CC22B000EF8287 /* LocationPresentationModelFactoryTestCase.swift in Sources */,
				43D89FE521CC28B000EF8287 /* LocationPresenterTestCase.swift in Sources */,
				43D89FD921CC258400EF8287 /* LocationCoordinatorTestCase.swift in Sources */,
				43D89FDF21CC262A00EF8287 /* WeatherServiceMock.swift in Sources */,
				43D8A00121CC34EE00EF8287 /* WeatherPresenterTestCase.swift in Sources */,
				43D89FE821CC290900EF8287 /* LocationViewMock.swift in Sources */,
			);
			runOnlyForDeploymentPostprocessing = 0;
		};
		43D89F7A21CC169D00EF8287 /* Sources */ = {
			isa = PBXSourcesBuildPhase;
			buildActionMask = 2147483647;
			files = (
				43D89F8321CC169E00EF8287 /* WeatherUITests.swift in Sources */,
			);
			runOnlyForDeploymentPostprocessing = 0;
		};
/* End PBXSourcesBuildPhase section */

/* Begin PBXTargetDependency section */
		43D89F7521CC169D00EF8287 /* PBXTargetDependency */ = {
			isa = PBXTargetDependency;
			target = 43D89F5E21CC169B00EF8287 /* Weather */;
			targetProxy = 43D89F7421CC169D00EF8287 /* PBXContainerItemProxy */;
		};
		43D89F8021CC169E00EF8287 /* PBXTargetDependency */ = {
			isa = PBXTargetDependency;
			target = 43D89F5E21CC169B00EF8287 /* Weather */;
			targetProxy = 43D89F7F21CC169E00EF8287 /* PBXContainerItemProxy */;
		};
/* End PBXTargetDependency section */

/* Begin PBXVariantGroup section */
		43D89F6621CC169C00EF8287 /* Main.storyboard */ = {
			isa = PBXVariantGroup;
			children = (
				43D89F6721CC169C00EF8287 /* Base */,
			);
			name = Main.storyboard;
			sourceTree = "<group>";
		};
		43D89F6B21CC169D00EF8287 /* LaunchScreen.storyboard */ = {
			isa = PBXVariantGroup;
			children = (
				43D89F6C21CC169D00EF8287 /* Base */,
			);
			name = LaunchScreen.storyboard;
			sourceTree = "<group>";
		};
/* End PBXVariantGroup section */

/* Begin XCBuildConfiguration section */
		43D89F8521CC169E00EF8287 /* Debug */ = {
			isa = XCBuildConfiguration;
			buildSettings = {
				ALWAYS_SEARCH_USER_PATHS = NO;
				CLANG_ANALYZER_NONNULL = YES;
				CLANG_ANALYZER_NUMBER_OBJECT_CONVERSION = YES_AGGRESSIVE;
				CLANG_CXX_LANGUAGE_STANDARD = "gnu++14";
				CLANG_CXX_LIBRARY = "libc++";
				CLANG_ENABLE_MODULES = YES;
				CLANG_ENABLE_OBJC_ARC = YES;
				CLANG_ENABLE_OBJC_WEAK = YES;
				CLANG_WARN_BLOCK_CAPTURE_AUTORELEASING = YES;
				CLANG_WARN_BOOL_CONVERSION = YES;
				CLANG_WARN_COMMA = YES;
				CLANG_WARN_CONSTANT_CONVERSION = YES;
				CLANG_WARN_DEPRECATED_OBJC_IMPLEMENTATIONS = YES;
				CLANG_WARN_DIRECT_OBJC_ISA_USAGE = YES_ERROR;
				CLANG_WARN_DOCUMENTATION_COMMENTS = YES;
				CLANG_WARN_EMPTY_BODY = YES;
				CLANG_WARN_ENUM_CONVERSION = YES;
				CLANG_WARN_INFINITE_RECURSION = YES;
				CLANG_WARN_INT_CONVERSION = YES;
				CLANG_WARN_NON_LITERAL_NULL_CONVERSION = YES;
				CLANG_WARN_OBJC_IMPLICIT_RETAIN_SELF = YES;
				CLANG_WARN_OBJC_LITERAL_CONVERSION = YES;
				CLANG_WARN_OBJC_ROOT_CLASS = YES_ERROR;
				CLANG_WARN_RANGE_LOOP_ANALYSIS = YES;
				CLANG_WARN_STRICT_PROTOTYPES = YES;
				CLANG_WARN_SUSPICIOUS_MOVE = YES;
				CLANG_WARN_UNGUARDED_AVAILABILITY = YES_AGGRESSIVE;
				CLANG_WARN_UNREACHABLE_CODE = YES;
				CLANG_WARN__DUPLICATE_METHOD_MATCH = YES;
				CODE_SIGN_IDENTITY = "iPhone Developer";
				COPY_PHASE_STRIP = NO;
				DEBUG_INFORMATION_FORMAT = dwarf;
				ENABLE_STRICT_OBJC_MSGSEND = YES;
				ENABLE_TESTABILITY = YES;
				GCC_C_LANGUAGE_STANDARD = gnu11;
				GCC_DYNAMIC_NO_PIC = NO;
				GCC_NO_COMMON_BLOCKS = YES;
				GCC_OPTIMIZATION_LEVEL = 0;
				GCC_PREPROCESSOR_DEFINITIONS = (
					"DEBUG=1",
					"$(inherited)",
				);
				GCC_WARN_64_TO_32_BIT_CONVERSION = YES;
				GCC_WARN_ABOUT_RETURN_TYPE = YES_ERROR;
				GCC_WARN_UNDECLARED_SELECTOR = YES;
				GCC_WARN_UNINITIALIZED_AUTOS = YES_AGGRESSIVE;
				GCC_WARN_UNUSED_FUNCTION = YES;
				GCC_WARN_UNUSED_VARIABLE = YES;
				IPHONEOS_DEPLOYMENT_TARGET = 12.1;
				MTL_ENABLE_DEBUG_INFO = INCLUDE_SOURCE;
				MTL_FAST_MATH = YES;
				ONLY_ACTIVE_ARCH = YES;
				SDKROOT = iphoneos;
				SWIFT_ACTIVE_COMPILATION_CONDITIONS = DEBUG;
				SWIFT_OPTIMIZATION_LEVEL = "-Onone";
			};
			name = Debug;
		};
		43D89F8621CC169E00EF8287 /* Release */ = {
			isa = XCBuildConfiguration;
			buildSettings = {
				ALWAYS_SEARCH_USER_PATHS = NO;
				CLANG_ANALYZER_NONNULL = YES;
				CLANG_ANALYZER_NUMBER_OBJECT_CONVERSION = YES_AGGRESSIVE;
				CLANG_CXX_LANGUAGE_STANDARD = "gnu++14";
				CLANG_CXX_LIBRARY = "libc++";
				CLANG_ENABLE_MODULES = YES;
				CLANG_ENABLE_OBJC_ARC = YES;
				CLANG_ENABLE_OBJC_WEAK = YES;
				CLANG_WARN_BLOCK_CAPTURE_AUTORELEASING = YES;
				CLANG_WARN_BOOL_CONVERSION = YES;
				CLANG_WARN_COMMA = YES;
				CLANG_WARN_CONSTANT_CONVERSION = YES;
				CLANG_WARN_DEPRECATED_OBJC_IMPLEMENTATIONS = YES;
				CLANG_WARN_DIRECT_OBJC_ISA_USAGE = YES_ERROR;
				CLANG_WARN_DOCUMENTATION_COMMENTS = YES;
				CLANG_WARN_EMPTY_BODY = YES;
				CLANG_WARN_ENUM_CONVERSION = YES;
				CLANG_WARN_INFINITE_RECURSION = YES;
				CLANG_WARN_INT_CONVERSION = YES;
				CLANG_WARN_NON_LITERAL_NULL_CONVERSION = YES;
				CLANG_WARN_OBJC_IMPLICIT_RETAIN_SELF = YES;
				CLANG_WARN_OBJC_LITERAL_CONVERSION = YES;
				CLANG_WARN_OBJC_ROOT_CLASS = YES_ERROR;
				CLANG_WARN_RANGE_LOOP_ANALYSIS = YES;
				CLANG_WARN_STRICT_PROTOTYPES = YES;
				CLANG_WARN_SUSPICIOUS_MOVE = YES;
				CLANG_WARN_UNGUARDED_AVAILABILITY = YES_AGGRESSIVE;
				CLANG_WARN_UNREACHABLE_CODE = YES;
				CLANG_WARN__DUPLICATE_METHOD_MATCH = YES;
				CODE_SIGN_IDENTITY = "iPhone Developer";
				COPY_PHASE_STRIP = NO;
				DEBUG_INFORMATION_FORMAT = "dwarf-with-dsym";
				ENABLE_NS_ASSERTIONS = NO;
				ENABLE_STRICT_OBJC_MSGSEND = YES;
				GCC_C_LANGUAGE_STANDARD = gnu11;
				GCC_NO_COMMON_BLOCKS = YES;
				GCC_WARN_64_TO_32_BIT_CONVERSION = YES;
				GCC_WARN_ABOUT_RETURN_TYPE = YES_ERROR;
				GCC_WARN_UNDECLARED_SELECTOR = YES;
				GCC_WARN_UNINITIALIZED_AUTOS = YES_AGGRESSIVE;
				GCC_WARN_UNUSED_FUNCTION = YES;
				GCC_WARN_UNUSED_VARIABLE = YES;
				IPHONEOS_DEPLOYMENT_TARGET = 12.1;
				MTL_ENABLE_DEBUG_INFO = NO;
				MTL_FAST_MATH = YES;
				SDKROOT = iphoneos;
				SWIFT_COMPILATION_MODE = wholemodule;
				SWIFT_OPTIMIZATION_LEVEL = "-O";
				VALIDATE_PRODUCT = YES;
			};
			name = Release;
		};
		43D89F8821CC169E00EF8287 /* Debug */ = {
			isa = XCBuildConfiguration;
			buildSettings = {
				ASSETCATALOG_COMPILER_APPICON_NAME = AppIcon;
				CODE_SIGN_STYLE = Automatic;
				DEVELOPMENT_TEAM = 48K763MAMN;
				INFOPLIST_FILE = Weather/Resources/Info/Info.plist;
				LD_RUNPATH_SEARCH_PATHS = (
					"$(inherited)",
					"@executable_path/Frameworks",
				);
				PRODUCT_BUNDLE_IDENTIFIER = com.igamaapps.Weather;
				PRODUCT_NAME = "$(TARGET_NAME)";
				SWIFT_VERSION = 4.2;
				TARGETED_DEVICE_FAMILY = "1,2";
			};
			name = Debug;
		};
		43D89F8921CC169E00EF8287 /* Release */ = {
			isa = XCBuildConfiguration;
			buildSettings = {
				ASSETCATALOG_COMPILER_APPICON_NAME = AppIcon;
				CODE_SIGN_STYLE = Automatic;
				DEVELOPMENT_TEAM = 48K763MAMN;
				INFOPLIST_FILE = Weather/Resources/Info/Info.plist;
				LD_RUNPATH_SEARCH_PATHS = (
					"$(inherited)",
					"@executable_path/Frameworks",
				);
				PRODUCT_BUNDLE_IDENTIFIER = com.igamaapps.Weather;
				PRODUCT_NAME = "$(TARGET_NAME)";
				SWIFT_VERSION = 4.2;
				TARGETED_DEVICE_FAMILY = "1,2";
			};
			name = Release;
		};
		43D89F8B21CC169E00EF8287 /* Debug */ = {
			isa = XCBuildConfiguration;
			buildSettings = {
				ALWAYS_EMBED_SWIFT_STANDARD_LIBRARIES = YES;
				BUNDLE_LOADER = "$(TEST_HOST)";
				CODE_SIGN_STYLE = Automatic;
				DEVELOPMENT_TEAM = 48K763MAMN;
				FRAMEWORK_SEARCH_PATHS = (
					"$(inherited)",
					"$(PROJECT_DIR)/Carthage/Build/iOS",
				);
				INFOPLIST_FILE = WeatherTests/Resources/Info/Info.plist;
				LD_RUNPATH_SEARCH_PATHS = (
					"$(inherited)",
					"@executable_path/Frameworks",
					"@loader_path/Frameworks",
				);
				PRODUCT_BUNDLE_IDENTIFIER = com.igamaapps.WeatherTests;
				PRODUCT_NAME = "$(TARGET_NAME)";
				SWIFT_VERSION = 4.2;
				TARGETED_DEVICE_FAMILY = "1,2";
				TEST_HOST = "$(BUILT_PRODUCTS_DIR)/Weather.app/Weather";
			};
			name = Debug;
		};
		43D89F8C21CC169E00EF8287 /* Release */ = {
			isa = XCBuildConfiguration;
			buildSettings = {
				ALWAYS_EMBED_SWIFT_STANDARD_LIBRARIES = YES;
				BUNDLE_LOADER = "$(TEST_HOST)";
				CODE_SIGN_STYLE = Automatic;
				DEVELOPMENT_TEAM = 48K763MAMN;
				FRAMEWORK_SEARCH_PATHS = (
					"$(inherited)",
					"$(PROJECT_DIR)/Carthage/Build/iOS",
				);
				INFOPLIST_FILE = WeatherTests/Resources/Info/Info.plist;
				LD_RUNPATH_SEARCH_PATHS = (
					"$(inherited)",
					"@executable_path/Frameworks",
					"@loader_path/Frameworks",
				);
				PRODUCT_BUNDLE_IDENTIFIER = com.igamaapps.WeatherTests;
				PRODUCT_NAME = "$(TARGET_NAME)";
				SWIFT_VERSION = 4.2;
				TARGETED_DEVICE_FAMILY = "1,2";
				TEST_HOST = "$(BUILT_PRODUCTS_DIR)/Weather.app/Weather";
			};
			name = Release;
		};
		43D89F8E21CC169E00EF8287 /* Debug */ = {
			isa = XCBuildConfiguration;
			buildSettings = {
				ALWAYS_EMBED_SWIFT_STANDARD_LIBRARIES = YES;
				CODE_SIGN_STYLE = Automatic;
				DEVELOPMENT_TEAM = 48K763MAMN;
				INFOPLIST_FILE = WeatherUITests/Resources/Info/Info.plist;
				LD_RUNPATH_SEARCH_PATHS = (
					"$(inherited)",
					"@executable_path/Frameworks",
					"@loader_path/Frameworks",
				);
				PRODUCT_BUNDLE_IDENTIFIER = com.igamaapps.WeatherUITests;
				PRODUCT_NAME = "$(TARGET_NAME)";
				SWIFT_VERSION = 4.2;
				TARGETED_DEVICE_FAMILY = "1,2";
				TEST_TARGET_NAME = Weather;
			};
			name = Debug;
		};
		43D89F8F21CC169E00EF8287 /* Release */ = {
			isa = XCBuildConfiguration;
			buildSettings = {
				ALWAYS_EMBED_SWIFT_STANDARD_LIBRARIES = YES;
				CODE_SIGN_STYLE = Automatic;
				DEVELOPMENT_TEAM = 48K763MAMN;
				INFOPLIST_FILE = WeatherUITests/Resources/Info/Info.plist;
				LD_RUNPATH_SEARCH_PATHS = (
					"$(inherited)",
					"@executable_path/Frameworks",
					"@loader_path/Frameworks",
				);
				PRODUCT_BUNDLE_IDENTIFIER = com.igamaapps.WeatherUITests;
				PRODUCT_NAME = "$(TARGET_NAME)";
				SWIFT_VERSION = 4.2;
				TARGETED_DEVICE_FAMILY = "1,2";
				TEST_TARGET_NAME = Weather;
			};
			name = Release;
		};
/* End XCBuildConfiguration section */

/* Begin XCConfigurationList section */
		43D89F5A21CC169B00EF8287 /* Build configuration list for PBXProject "Weather" */ = {
			isa = XCConfigurationList;
			buildConfigurations = (
				43D89F8521CC169E00EF8287 /* Debug */,
				43D89F8621CC169E00EF8287 /* Release */,
			);
			defaultConfigurationIsVisible = 0;
			defaultConfigurationName = Release;
		};
		43D89F8721CC169E00EF8287 /* Build configuration list for PBXNativeTarget "Weather" */ = {
			isa = XCConfigurationList;
			buildConfigurations = (
				43D89F8821CC169E00EF8287 /* Debug */,
				43D89F8921CC169E00EF8287 /* Release */,
			);
			defaultConfigurationIsVisible = 0;
			defaultConfigurationName = Release;
		};
		43D89F8A21CC169E00EF8287 /* Build configuration list for PBXNativeTarget "WeatherTests" */ = {
			isa = XCConfigurationList;
			buildConfigurations = (
				43D89F8B21CC169E00EF8287 /* Debug */,
				43D89F8C21CC169E00EF8287 /* Release */,
			);
			defaultConfigurationIsVisible = 0;
			defaultConfigurationName = Release;
		};
		43D89F8D21CC169E00EF8287 /* Build configuration list for PBXNativeTarget "WeatherUITests" */ = {
			isa = XCConfigurationList;
			buildConfigurations = (
				43D89F8E21CC169E00EF8287 /* Debug */,
				43D89F8F21CC169E00EF8287 /* Release */,
			);
			defaultConfigurationIsVisible = 0;
			defaultConfigurationName = Release;
		};
/* End XCConfigurationList section */
	};
	rootObject = 43D89F5721CC169B00EF8287 /* Project object */;
}
